
Microsoft Visual Studio Solution File, Format Version 12.00
# Visual Studio 2017
Project("{FAE04EC0-301F-11D3-BF4B-00C04F79EFBC}") = "Foraneo", "Foraneo.csproj", "{797DC043-6E79-774D-7FF3-0BC914364749}"
EndProject
Project("{FAE04EC0-301F-11D3-BF4B-00C04F79EFBC}") = "Foraneo.Editor", "Foraneo.Editor.csproj", "{4AAB7D4E-3BDD-CB36-959B-C68F634A4ADC}"
EndProject
Global
	GlobalSection(SolutionConfigurationPlatforms) = preSolution
		Debug|Any CPU = Debug|Any CPU
		Release|Any CPU = Release|Any CPU
	EndGlobalSection
	GlobalSection(ProjectConfigurationPlatforms) = postSolution
		{797DC043-6E79-774D-7FF3-0BC914364749}.Debug|Any CPU.ActiveCfg = Debug|Any CPU
		{797DC043-6E79-774D-7FF3-0BC914364749}.Debug|Any CPU.Build.0 = Debug|Any CPU
		{797DC043-6E79-774D-7FF3-0BC914364749}.Release|Any CPU.ActiveCfg = Release|Any CPU
		{797DC043-6E79-774D-7FF3-0BC914364749}.Release|Any CPU.Build.0 = Release|Any CPU
		{4AAB7D4E-3BDD-CB36-959B-C68F634A4ADC}.Debug|Any CPU.ActiveCfg = Debug|Any CPU
		{4AAB7D4E-3BDD-CB36-959B-C68F634A4ADC}.Debug|Any CPU.Build.0 = Debug|Any CPU
		{4AAB7D4E-3BDD-CB36-959B-C68F634A4ADC}.Release|Any CPU.ActiveCfg = Release|Any CPU
		{4AAB7D4E-3BDD-CB36-959B-C68F634A4ADC}.Release|Any CPU.Build.0 = Release|Any CPU
	EndGlobalSection
	GlobalSection(SolutionProperties) = preSolution
		HideSolutionNode = FALSE
	EndGlobalSection
EndGlobal
